<?xml version="1.0" encoding="utf-8"?>
<Project ToolsVersion="4.0" xmlns="http://schemas.microsoft.com/developer/msbuild/2003">
  <ItemGroup>
    <Filter Include="Source Files">
      <UniqueIdentifier>{4FC737F1-C7A5-4376-A066-2A32D752A2FF}</UniqueIdentifier>
      <Extensions>cpp;c;cc;cxx;def;odl;idl;hpj;bat;asm;asmx</Extensions>
    </Filter>
    <Filter Include="Header Files">
      <UniqueIdentifier>{93995380-89BD-4b04-88EB-625FBE52EBFB}</UniqueIdentifier>
      <Extensions>h;hh;hpp;hxx;hm;inl;inc;xsd</Extensions>
    </Filter>
    <Filter Include="Resource Files">
      <UniqueIdentifier>{67DA6AB6-F800-4c08-8B7A-83BB121AAD01}</UniqueIdentifier>
      <Extensions>rc;ico;cur;bmp;dlg;rc2;rct;bin;rgs;gif;jpg;jpeg;jpe;resx;tiff;tif;png;wav</Extensions>
    </Filter>
  </ItemGroup>
  <ItemGroup>
    <ClCompile Include="question2and3_code_do_not_modify_this\ActiveMesh.cpp">
      <Filter>Source Files</Filter>
    </ClCompile>
    <ClCompile Include="question2and3_code_do_not_modify_this\BasicShaderMaterial.cpp">
      <Filter>Source Files</Filter>
    </ClCompile>
    <ClCompile Include="question2and3_code_do_not_modify_this\ColouredTextureMaterial.cpp">
      <Filter>Source Files</Filter>
    </ClCompile>
    <ClCompile Include="question2and3_code_do_not_modify_this\GLApplication.cpp">
      <Filter>Source Files</Filter>
    </ClCompile>
    <ClCompile Include="question2and3_code_do_not_modify_this\Mesh.cpp">
      <Filter>Source Files</Filter>
    </ClCompile>
    <ClCompile Include="question2and3_code_do_not_modify_this\StaticMesh.cpp">
      <Filter>Source Files</Filter>
    </ClCompile>
    <ClCompile Include="question2and3_code_do_not_modify_this\Texture.cpp">
      <Filter>Source Files</Filter>
    </ClCompile>
    <ClCompile Include="question2and3_code_do_not_modify_this\TextureShaderMaterial.cpp">
      <Filter>Source Files</Filter>
    </ClCompile>
  </ItemGroup>
  <ItemGroup>
    <ClInclude Include="question2and3_code_do_not_modify_this\ActiveMesh.h">
      <Filter>Header Files</Filter>
    </ClInclude>
    <ClInclude Include="question2and3_code_do_not_modify_this\AdjustableCamera.h">
      <Filter>Header Files</Filter>
    </ClInclude>
    <ClInclude Include="question2and3_code_do_not_modify_this\BasicShaderMaterial.h">
      <Filter>Header Files</Filter>
    </ClInclude>
    <ClInclude Include="question2and3_code_do_not_modify_this\ColouredTextureMaterial.h">
      <Filter>Header Files</Filter>
    </ClInclude>
    <ClInclude Include="question2and3_code_do_not_modify_this\Material.h">
      <Filter>Header Files</Filter>
    </ClInclude>
    <ClInclude Include="question2and3_code_do_not_modify_this\Mesh.h">
      <Filter>Header Files</Filter>
    </ClInclude>
    <ClInclude Include="question2and3_code_do_not_modify_this\StaticMesh.h">
      <Filter>Header Files</Filter>
    </ClInclude>
    <ClInclude Include="question2and3_code_do_not_modify_this\Texture.h">
      <Filter>Header Files</Filter>
    </ClInclude>
    <ClInclude Include="question2and3_code_do_not_modify_this\TextureShaderMaterial.h">
      <Filter>Header Files</Filter>
    </ClInclude>
    <ClInclude Include="question2and3_code_do_not_modify_this\utilityFunctions.h">
      <Filter>Header Files</Filter>
    </ClInclude>
  </ItemGroup>
</Project>